
Microsoft Visual Studio Solution File, Format Version 12.00
# Visual Studio 14
VisualStudioVersion = 14.0.25420.1
MinimumVisualStudioVersion = 10.0.40219.1
Project("{FAE04EC0-301F-11D3-BF4B-00C04F79EFBC}") = "T4Demo01", "T4Demo01\T4Demo01.csproj", "{CEA9CB28-ACEB-425C-AC50-89322AEF9323}"
EndProject
Project("{2150E333-8FDC-42A3-9474-1A3956D46DE8}") = "T4", "T4", "{A666044F-6F30-40AE-A64C-168335FE51A7}"
EndProject
Project("{2150E333-8FDC-42A3-9474-1A3956D46DE8}") = "Url加密解密", "Url加密解密", "{6685E4A8-9514-492F-8FC2-F85858CE19A6}"
EndProject
Project("{FAE04EC0-301F-11D3-BF4B-00C04F79EFBC}") = "Base64XOR", "Base64XOR\Base64XOR.csproj", "{A0236F4F-839A-49EA-9DE5-93FBEF4EE501}"
EndProject
Project("{2150E333-8FDC-42A3-9474-1A3956D46DE8}") = "随机数", "随机数", "{5B7B5A3A-650A-4E81-9522-B4366651287F}"
EndProject
Project("{FAE04EC0-301F-11D3-BF4B-00C04F79EFBC}") = "Randomer", "Randomer\Randomer.csproj", "{2D8D033A-91A3-403B-9891-19076A1A9E4E}"
EndProject
Project("{2150E333-8FDC-42A3-9474-1A3956D46DE8}") = "初始化数据库", "初始化数据库", "{A2466880-5AD7-4897-AC02-7D7625411D28}"
EndProject
Project("{FAE04EC0-301F-11D3-BF4B-00C04F79EFBC}") = "CreateTable", "CreateTable\CreateTable.csproj", "{B841BA3A-417A-4F00-901B-17467486F105}"
EndProject
Project("{FAE04EC0-301F-11D3-BF4B-00C04F79EFBC}") = "GenerateSqlDemo", "GenerateSql\GenerateSqlDemo.csproj", "{EECE6586-9836-4850-A613-6D9694894A35}"
EndProject
Project("{FAE04EC0-301F-11D3-BF4B-00C04F79EFBC}") = "GenerRandomString", "GenerRandomString\GenerRandomString.csproj", "{5D413769-E8DF-4B16-AB59-568F98B900F0}"
EndProject
Project("{FAE04EC0-301F-11D3-BF4B-00C04F79EFBC}") = "SqlGenerator", "SqlGenerator\SqlGenerator.csproj", "{C17CB530-E84D-4CE0-B631-D82D0E565E87}"
EndProject
Project("{FAE04EC0-301F-11D3-BF4B-00C04F79EFBC}") = "WinGenerRandomString", "WinGenerRandomString\WinGenerRandomString.csproj", "{91775505-9F8B-4282-A612-082AF641F0F2}"
EndProject
Global
	GlobalSection(SolutionConfigurationPlatforms) = preSolution
		Debug|Any CPU = Debug|Any CPU
		Debug|x86 = Debug|x86
		Release|Any CPU = Release|Any CPU
		Release|x86 = Release|x86
	EndGlobalSection
	GlobalSection(ProjectConfigurationPlatforms) = postSolution
		{CEA9CB28-ACEB-425C-AC50-89322AEF9323}.Debug|Any CPU.ActiveCfg = Debug|Any CPU
		{CEA9CB28-ACEB-425C-AC50-89322AEF9323}.Debug|Any CPU.Build.0 = Debug|Any CPU
		{CEA9CB28-ACEB-425C-AC50-89322AEF9323}.Debug|x86.ActiveCfg = Debug|Any CPU
		{CEA9CB28-ACEB-425C-AC50-89322AEF9323}.Debug|x86.Build.0 = Debug|Any CPU
		{CEA9CB28-ACEB-425C-AC50-89322AEF9323}.Release|Any CPU.ActiveCfg = Release|Any CPU
		{CEA9CB28-ACEB-425C-AC50-89322AEF9323}.Release|Any CPU.Build.0 = Release|Any CPU
		{CEA9CB28-ACEB-425C-AC50-89322AEF9323}.Release|x86.ActiveCfg = Release|Any CPU
		{CEA9CB28-ACEB-425C-AC50-89322AEF9323}.Release|x86.Build.0 = Release|Any CPU
		{A0236F4F-839A-49EA-9DE5-93FBEF4EE501}.Debug|Any CPU.ActiveCfg = Debug|Any CPU
		{A0236F4F-839A-49EA-9DE5-93FBEF4EE501}.Debug|Any CPU.Build.0 = Debug|Any CPU
		{A0236F4F-839A-49EA-9DE5-93FBEF4EE501}.Debug|x86.ActiveCfg = Debug|Any CPU
		{A0236F4F-839A-49EA-9DE5-93FBEF4EE501}.Debug|x86.Build.0 = Debug|Any CPU
		{A0236F4F-839A-49EA-9DE5-93FBEF4EE501}.Release|Any CPU.ActiveCfg = Release|Any CPU
		{A0236F4F-839A-49EA-9DE5-93FBEF4EE501}.Release|Any CPU.Build.0 = Release|Any CPU
		{A0236F4F-839A-49EA-9DE5-93FBEF4EE501}.Release|x86.ActiveCfg = Release|Any CPU
		{A0236F4F-839A-49EA-9DE5-93FBEF4EE501}.Release|x86.Build.0 = Release|Any CPU
		{2D8D033A-91A3-403B-9891-19076A1A9E4E}.Debug|Any CPU.ActiveCfg = Debug|Any CPU
		{2D8D033A-91A3-403B-9891-19076A1A9E4E}.Debug|Any CPU.Build.0 = Debug|Any CPU
		{2D8D033A-91A3-403B-9891-19076A1A9E4E}.Debug|x86.ActiveCfg = Debug|Any CPU
		{2D8D033A-91A3-403B-9891-19076A1A9E4E}.Debug|x86.Build.0 = Debug|Any CPU
		{2D8D033A-91A3-403B-9891-19076A1A9E4E}.Release|Any CPU.ActiveCfg = Release|Any CPU
		{2D8D033A-91A3-403B-9891-19076A1A9E4E}.Release|Any CPU.Build.0 = Release|Any CPU
		{2D8D033A-91A3-403B-9891-19076A1A9E4E}.Release|x86.ActiveCfg = Release|Any CPU
		{2D8D033A-91A3-403B-9891-19076A1A9E4E}.Release|x86.Build.0 = Release|Any CPU
		{B841BA3A-417A-4F00-901B-17467486F105}.Debug|Any CPU.ActiveCfg = Debug|x86
		{B841BA3A-417A-4F00-901B-17467486F105}.Debug|x86.ActiveCfg = Debug|x86
		{B841BA3A-417A-4F00-901B-17467486F105}.Debug|x86.Build.0 = Debug|x86
		{B841BA3A-417A-4F00-901B-17467486F105}.Release|Any CPU.ActiveCfg = Release|x86
		{B841BA3A-417A-4F00-901B-17467486F105}.Release|x86.ActiveCfg = Release|x86
		{B841BA3A-417A-4F00-901B-17467486F105}.Release|x86.Build.0 = Release|x86
		{EECE6586-9836-4850-A613-6D9694894A35}.Debug|Any CPU.ActiveCfg = Debug|x86
		{EECE6586-9836-4850-A613-6D9694894A35}.Debug|x86.ActiveCfg = Debug|x86
		{EECE6586-9836-4850-A613-6D9694894A35}.Debug|x86.Build.0 = Debug|x86
		{EECE6586-9836-4850-A613-6D9694894A35}.Release|Any CPU.ActiveCfg = Release|x86
		{EECE6586-9836-4850-A613-6D9694894A35}.Release|x86.ActiveCfg = Release|x86
		{EECE6586-9836-4850-A613-6D9694894A35}.Release|x86.Build.0 = Release|x86
		{5D413769-E8DF-4B16-AB59-568F98B900F0}.Debug|Any CPU.ActiveCfg = Debug|Any CPU
		{5D413769-E8DF-4B16-AB59-568F98B900F0}.Debug|Any CPU.Build.0 = Debug|Any CPU
		{5D413769-E8DF-4B16-AB59-568F98B900F0}.Debug|x86.ActiveCfg = Debug|Any CPU
		{5D413769-E8DF-4B16-AB59-568F98B900F0}.Debug|x86.Build.0 = Debug|Any CPU
		{5D413769-E8DF-4B16-AB59-568F98B900F0}.Release|Any CPU.ActiveCfg = Release|Any CPU
		{5D413769-E8DF-4B16-AB59-568F98B900F0}.Release|Any CPU.Build.0 = Release|Any CPU
		{5D413769-E8DF-4B16-AB59-568F98B900F0}.Release|x86.ActiveCfg = Release|Any CPU
		{5D413769-E8DF-4B16-AB59-568F98B900F0}.Release|x86.Build.0 = Release|Any CPU
		{C17CB530-E84D-4CE0-B631-D82D0E565E87}.Debug|Any CPU.ActiveCfg = Debug|Any CPU
		{C17CB530-E84D-4CE0-B631-D82D0E565E87}.Debug|Any CPU.Build.0 = Debug|Any CPU
		{C17CB530-E84D-4CE0-B631-D82D0E565E87}.Debug|x86.ActiveCfg = Debug|Any CPU
		{C17CB530-E84D-4CE0-B631-D82D0E565E87}.Debug|x86.Build.0 = Debug|Any CPU
		{C17CB530-E84D-4CE0-B631-D82D0E565E87}.Release|Any CPU.ActiveCfg = Release|Any CPU
		{C17CB530-E84D-4CE0-B631-D82D0E565E87}.Release|Any CPU.Build.0 = Release|Any CPU
		{C17CB530-E84D-4CE0-B631-D82D0E565E87}.Release|x86.ActiveCfg = Release|Any CPU
		{C17CB530-E84D-4CE0-B631-D82D0E565E87}.Release|x86.Build.0 = Release|Any CPU
		{91775505-9F8B-4282-A612-082AF641F0F2}.Debug|Any CPU.ActiveCfg = Debug|Any CPU
		{91775505-9F8B-4282-A612-082AF641F0F2}.Debug|Any CPU.Build.0 = Debug|Any CPU
		{91775505-9F8B-4282-A612-082AF641F0F2}.Debug|x86.ActiveCfg = Debug|Any CPU
		{91775505-9F8B-4282-A612-082AF641F0F2}.Debug|x86.Build.0 = Debug|Any CPU
		{91775505-9F8B-4282-A612-082AF641F0F2}.Release|Any CPU.ActiveCfg = Release|Any CPU
		{91775505-9F8B-4282-A612-082AF641F0F2}.Release|Any CPU.Build.0 = Release|Any CPU
		{91775505-9F8B-4282-A612-082AF641F0F2}.Release|x86.ActiveCfg = Release|Any CPU
		{91775505-9F8B-4282-A612-082AF641F0F2}.Release|x86.Build.0 = Release|Any CPU
	EndGlobalSection
	GlobalSection(SolutionProperties) = preSolution
		HideSolutionNode = FALSE
	EndGlobalSection
	GlobalSection(NestedProjects) = preSolution
		{CEA9CB28-ACEB-425C-AC50-89322AEF9323} = {A666044F-6F30-40AE-A64C-168335FE51A7}
		{A0236F4F-839A-49EA-9DE5-93FBEF4EE501} = {6685E4A8-9514-492F-8FC2-F85858CE19A6}
		{2D8D033A-91A3-403B-9891-19076A1A9E4E} = {5B7B5A3A-650A-4E81-9522-B4366651287F}
		{B841BA3A-417A-4F00-901B-17467486F105} = {A2466880-5AD7-4897-AC02-7D7625411D28}
		{EECE6586-9836-4850-A613-6D9694894A35} = {5B7B5A3A-650A-4E81-9522-B4366651287F}
		{5D413769-E8DF-4B16-AB59-568F98B900F0} = {5B7B5A3A-650A-4E81-9522-B4366651287F}
		{C17CB530-E84D-4CE0-B631-D82D0E565E87} = {5B7B5A3A-650A-4E81-9522-B4366651287F}
		{91775505-9F8B-4282-A612-082AF641F0F2} = {5B7B5A3A-650A-4E81-9522-B4366651287F}
	EndGlobalSection
EndGlobal
